
Microsoft Visual Studio Solution File, Format Version 12.00
# Visual Studio Version 17
VisualStudioVersion = 17.0.31903.59
MinimumVisualStudioVersion = 10.0.40219.1
Project("{FAE04EC0-301F-11D3-BF4B-00C04F79EFBC}") = "WeatherForecast", "api\WeatherForecast.csproj", "{64007D71-A48C-4EB0-BF13-5999EDFB8B4F}"
EndProject
Project("{FAE04EC0-301F-11D3-BF4B-00C04F79EFBC}") = "tests", "tests\tests.csproj", "{070739DD-0D7E-4D59-9629-D17A3B6788FC}"
EndProject
Global
	GlobalSection(SolutionConfigurationPlatforms) = preSolution
		Debug|Any CPU = Debug|Any CPU
		Release|Any CPU = Release|Any CPU
	EndGlobalSection
	GlobalSection(SolutionProperties) = preSolution
		HideSolutionNode = FALSE
	EndGlobalSection
	GlobalSection(ProjectConfigurationPlatforms) = postSolution
		{64007D71-A48C-4EB0-BF13-5999EDFB8B4F}.Debug|Any CPU.ActiveCfg = Debug|Any CPU
		{64007D71-A48C-4EB0-BF13-5999EDFB8B4F}.Debug|Any CPU.Build.0 = Debug|Any CPU
		{64007D71-A48C-4EB0-BF13-5999EDFB8B4F}.Release|Any CPU.ActiveCfg = Release|Any CPU
		{64007D71-A48C-4EB0-BF13-5999EDFB8B4F}.Release|Any CPU.Build.0 = Release|Any CPU
		{070739DD-0D7E-4D59-9629-D17A3B6788FC}.Debug|Any CPU.ActiveCfg = Debug|Any CPU
		{070739DD-0D7E-4D59-9629-D17A3B6788FC}.Debug|Any CPU.Build.0 = Debug|Any CPU
		{070739DD-0D7E-4D59-9629-D17A3B6788FC}.Release|Any CPU.ActiveCfg = Release|Any CPU
		{070739DD-0D7E-4D59-9629-D17A3B6788FC}.Release|Any CPU.Build.0 = Release|Any CPU
	EndGlobalSection
EndGlobal
